{
  "lockfileVersion": 1,
  "configVersion": 1,
  "workspaces": {
    "": {
      "name": "my-monorepo",
      "dependencies": {
        "zod": "4.3.6",
      },
    },
    "packages/stuff-a": {
      "name": "stuff-a",
      "version": "1.0.0",
      "dependencies": {
        "zod": "^4.3.5",
      },
    },
    "packages/stuff-b": {
      "name": "stuff-b",
      "version": "1.0.0",
      "dependencies": {
        "stuff-a": "workspace:*",
      },
    },
  },
  "packages": {
    "stuff-a": ["stuff-a@workspace:packages/stuff-a"],

    "stuff-b": ["stuff-b@workspace:packages/stuff-b"],

    "zod": ["zod@4.3.6", "", {}, "sha512-rftlrkhHZOcjDwkGlnUtZZkvaPHCsDATp4pGpuOOMDaTdDDXF91wuVDJoWoPsKX/3YPQ5fHuF3STjcYyKr+Qhg=="],
  }
}
