{
  "lockfileVersion": 1,
  "configVersion": 1,
  "workspaces": {
    "": {
      "name": "my-monorepo",
    },
    "packages/stuff-a": {
      "name": "stuff-a",
      "version": "1.0.0",
      "dependencies": {
        "zod": "^4.3.5",
      },
    },
    "packages/stuff-b": {
      "name": "stuff-b",
      "version": "1.0.0",
      "dependencies": {
        "stuff-a": "workspace:*",
      },
    },
  },
  "packages": {
    "stuff-a": ["stuff-a@workspace:packages/stuff-a"],

    "stuff-b": ["stuff-b@workspace:packages/stuff-b"],

    "zod": ["zod@4.3.5", "", {}, "sha512-k7Nwx6vuWx1IJ9Bjuf4Zt1PEllcwe7cls3VNzm4CQ1/hgtFUK2bRNG3rvnpPUhFjmqJKAKtjV576KnUkHocg/g=="],
  }
}
